
Microsoft Visual Studio Solution File, Format Version 11.00
# Visual C++ Express 2010
Project("{8BC9CEB8-8B4A-11D0-8D11-00A0C91BC942}") = "olololol laba", "olololol laba\olololol laba.vcxproj", "{D7EF2CF7-A906-463C-B30C-EE11D0448FAF}"
EndProject
Global
	GlobalSection(SolutionConfigurationPlatforms) = preSolution
		Debug|Win32 = Debug|Win32
		Release|Win32 = Release|Win32
	EndGlobalSection
	GlobalSection(ProjectConfigurationPlatforms) = postSolution
		{D7EF2CF7-A906-463C-B30C-EE11D0448FAF}.Debug|Win32.ActiveCfg = Debug|Win32
		{D7EF2CF7-A906-463C-B30C-EE11D0448FAF}.Debug|Win32.Build.0 = Debug|Win32
		{D7EF2CF7-A906-463C-B30C-EE11D0448FAF}.Release|Win32.ActiveCfg = Release|Win32
		{D7EF2CF7-A906-463C-B30C-EE11D0448FAF}.Release|Win32.Build.0 = Release|Win32
	EndGlobalSection
	GlobalSection(SolutionProperties) = preSolution
		HideSolutionNode = FALSE
	EndGlobalSection
EndGlobal
